
Microsoft Visual Studio Solution File, Format Version 12.00
# Visual Studio Version 16
VisualStudioVersion = 16.0.29409.12
MinimumVisualStudioVersion = 10.0.40219.1
Project("{9A19103F-16F7-4668-BE54-9A1E7A4F7556}") = "StarWarsApp", "starwarsApp\StarWarsApp.csproj", "{495A7EBC-69EF-437A-BE06-C945E6641621}"
EndProject
Project("{9A19103F-16F7-4668-BE54-9A1E7A4F7556}") = "StarWarsLibrary", "StarWarsLibrary\StarWarsLibrary.csproj", "{6FB1C31A-D6BE-48D3-A8BD-5A992FD11712}"
EndProject
Project("{9A19103F-16F7-4668-BE54-9A1E7A4F7556}") = "StarWarsService", "StarWarsService\StarWarsService.csproj", "{8B806237-63AE-4824-BDF3-2086105C010C}"
EndProject
Project("{FAE04EC0-301F-11D3-BF4B-00C04F79EFBC}") = "StarWarTests", "StarWarTests\StarWarTests.csproj", "{287AC5AD-B6E4-42C1-9422-DA84FC92A3DE}"
EndProject
Global
	GlobalSection(SolutionConfigurationPlatforms) = preSolution
		Debug|Any CPU = Debug|Any CPU
		Release|Any CPU = Release|Any CPU
	EndGlobalSection
	GlobalSection(ProjectConfigurationPlatforms) = postSolution
		{495A7EBC-69EF-437A-BE06-C945E6641621}.Debug|Any CPU.ActiveCfg = Debug|Any CPU
		{495A7EBC-69EF-437A-BE06-C945E6641621}.Debug|Any CPU.Build.0 = Debug|Any CPU
		{495A7EBC-69EF-437A-BE06-C945E6641621}.Release|Any CPU.ActiveCfg = Release|Any CPU
		{495A7EBC-69EF-437A-BE06-C945E6641621}.Release|Any CPU.Build.0 = Release|Any CPU
		{6FB1C31A-D6BE-48D3-A8BD-5A992FD11712}.Debug|Any CPU.ActiveCfg = Debug|Any CPU
		{6FB1C31A-D6BE-48D3-A8BD-5A992FD11712}.Debug|Any CPU.Build.0 = Debug|Any CPU
		{6FB1C31A-D6BE-48D3-A8BD-5A992FD11712}.Release|Any CPU.ActiveCfg = Release|Any CPU
		{6FB1C31A-D6BE-48D3-A8BD-5A992FD11712}.Release|Any CPU.Build.0 = Release|Any CPU
		{8B806237-63AE-4824-BDF3-2086105C010C}.Debug|Any CPU.ActiveCfg = Debug|Any CPU
		{8B806237-63AE-4824-BDF3-2086105C010C}.Debug|Any CPU.Build.0 = Debug|Any CPU
		{8B806237-63AE-4824-BDF3-2086105C010C}.Release|Any CPU.ActiveCfg = Release|Any CPU
		{8B806237-63AE-4824-BDF3-2086105C010C}.Release|Any CPU.Build.0 = Release|Any CPU
		{287AC5AD-B6E4-42C1-9422-DA84FC92A3DE}.Debug|Any CPU.ActiveCfg = Debug|Any CPU
		{287AC5AD-B6E4-42C1-9422-DA84FC92A3DE}.Debug|Any CPU.Build.0 = Debug|Any CPU
		{287AC5AD-B6E4-42C1-9422-DA84FC92A3DE}.Release|Any CPU.ActiveCfg = Release|Any CPU
		{287AC5AD-B6E4-42C1-9422-DA84FC92A3DE}.Release|Any CPU.Build.0 = Release|Any CPU
	EndGlobalSection
	GlobalSection(SolutionProperties) = preSolution
		HideSolutionNode = FALSE
	EndGlobalSection
	GlobalSection(ExtensibilityGlobals) = postSolution
		SolutionGuid = {C6626A6C-BD7F-497E-AAA1-945BBBC5173F}
	EndGlobalSection
EndGlobal
